
Microsoft Visual Studio Solution File, Format Version 12.00
# Visual Studio 15
VisualStudioVersion = 15.0.28307.168
MinimumVisualStudioVersion = 10.0.40219.1
Project("{FAE04EC0-301F-11D3-BF4B-00C04F79EFBC}") = "TEST", "TEST\TEST.csproj", "{4D3FDDB6-DA90-4C0A-865F-D32F8BB19148}"
EndProject
Project("{FAE04EC0-301F-11D3-BF4B-00C04F79EFBC}") = "MoreThread", "MoreThread\MoreThread.csproj", "{6C4F6547-102B-4994-BAD8-1AD9A15F3D8D}"
EndProject
Project("{FAE04EC0-301F-11D3-BF4B-00C04F79EFBC}") = "MoreThread1", "MoreThread1\MoreThread1.csproj", "{FD888546-42B4-4FE6-8B64-95C05C61E40C}"
EndProject
Project("{FAE04EC0-301F-11D3-BF4B-00C04F79EFBC}") = "TestDll", "TestDll\TestDll.csproj", "{CDE47A7B-2691-456E-B69C-981BB9A33944}"
EndProject
Project("{FAE04EC0-301F-11D3-BF4B-00C04F79EFBC}") = "Delegate", "Delegate\Delegate.csproj", "{4139570F-FD11-40AF-9518-356A814AFB5D}"
EndProject
Project("{FAE04EC0-301F-11D3-BF4B-00C04F79EFBC}") = "Tasktest", "Task\Tasktest.csproj", "{C21203C6-0D70-4B85-A0D5-6A0430D63CD8}"
EndProject
Project("{FAE04EC0-301F-11D3-BF4B-00C04F79EFBC}") = "UnsafeTest", "UnsafeTest\UnsafeTest.csproj", "{60923827-D1F9-4FED-8780-5DB80C1907AB}"
EndProject
Project("{FAE04EC0-301F-11D3-BF4B-00C04F79EFBC}") = "Lambda", "Lambda\Lambda.csproj", "{3648ECD4-2612-4BC9-BFF1-5C1808454A14}"
EndProject
Project("{FAE04EC0-301F-11D3-BF4B-00C04F79EFBC}") = "ReadText", "ReadText\ReadText.csproj", "{4A1D2BC2-49D8-4BCC-80E9-4F0C690D104C}"
EndProject
Project("{FAE04EC0-301F-11D3-BF4B-00C04F79EFBC}") = "WebMapping", "WebMapping\WebMapping.csproj", "{E2DB13CA-6821-46DA-89BF-8812DABB807C}"
EndProject
Project("{FAE04EC0-301F-11D3-BF4B-00C04F79EFBC}") = "MathNet", "MathNet\MathNet.csproj", "{EEF7C597-884C-4823-8C49-BD75561C67BC}"
EndProject
Project("{FAE04EC0-301F-11D3-BF4B-00C04F79EFBC}") = "JSon", "JSon\JSon.csproj", "{C07A1623-BDF3-4A55-99E2-76D1B1C8A7DD}"
EndProject
Project("{FAE04EC0-301F-11D3-BF4B-00C04F79EFBC}") = "OnlyForTest", "OnlyForTest\OnlyForTest.csproj", "{E40D2EF2-EC58-4301-B4E4-927CB5C0C3E7}"
EndProject
Project("{FAE04EC0-301F-11D3-BF4B-00C04F79EFBC}") = "GetData", "GetData\GetData.csproj", "{905E7920-8296-427C-B310-32B053E87AE2}"
EndProject
Project("{FAE04EC0-301F-11D3-BF4B-00C04F79EFBC}") = "BpANNet", "BpANNet\BpANNet.csproj", "{7F6E82BB-834A-4F86-91C8-741FB200F62C}"
EndProject
Project("{FAE04EC0-301F-11D3-BF4B-00C04F79EFBC}") = "Encrypt", "Encrypt\Encrypt.csproj", "{C50CF090-9FD9-4897-8EEC-9D30CE59AFA1}"
EndProject
Project("{FAE04EC0-301F-11D3-BF4B-00C04F79EFBC}") = "GetConfig", "GetConfig\GetConfig.csproj", "{FF9EAB69-2FF2-4FE1-89AA-4D9B3650DA13}"
EndProject
Project("{FAE04EC0-301F-11D3-BF4B-00C04F79EFBC}") = "DoXML", "DoXML\DoXML.csproj", "{1078AA67-2223-4D00-9B48-1803FE1A6FFA}"
EndProject
Project("{FAE04EC0-301F-11D3-BF4B-00C04F79EFBC}") = "WebText", "WebText\WebText.csproj", "{2FAB12AA-AF5F-4B7B-9221-848207AD98F6}"
EndProject
Project("{FAE04EC0-301F-11D3-BF4B-00C04F79EFBC}") = "SetConfiguration", "SetConfiguration\SetConfiguration.csproj", "{1EDA615B-00F4-4485-A7C3-27273A443F90}"
EndProject
Project("{FAE04EC0-301F-11D3-BF4B-00C04F79EFBC}") = "DapperDB", "DapperDB\DapperDB.csproj", "{64BA2C0D-3CF2-40D4-B879-1886378DC9E3}"
EndProject
Project("{FAE04EC0-301F-11D3-BF4B-00C04F79EFBC}") = "MaxPayBack", "MaxPayBack\MaxPayBack.csproj", "{0E579E1F-9FAB-4C40-9E6A-F07937E35C87}"
EndProject
Project("{FAE04EC0-301F-11D3-BF4B-00C04F79EFBC}") = "ResetEvent", "ResetEvent\ResetEvent.csproj", "{691A17FE-7228-4E3B-9BC2-23411986A2A9}"
EndProject
Project("{FAE04EC0-301F-11D3-BF4B-00C04F79EFBC}") = "TaskSchedulerTest", "TaskSchedulerTest\TaskSchedulerTest.csproj", "{3287AE67-F89D-478E-9457-FF580E9B0A2A}"
EndProject
Project("{FAE04EC0-301F-11D3-BF4B-00C04F79EFBC}") = "Async_await", "async_await\Async_await.csproj", "{6628F0EF-AC1E-4C3A-8BF7-DA40B53C33CC}"
EndProject
Project("{FAE04EC0-301F-11D3-BF4B-00C04F79EFBC}") = "SocketClient", "SocketClient\SocketClient.csproj", "{16706C83-F21C-4987-90A6-AD0BCD82BD57}"
EndProject
Project("{FAE04EC0-301F-11D3-BF4B-00C04F79EFBC}") = "SocketServer", "SocketServer\SocketServer.csproj", "{BC5E793D-685D-4598-8E60-9B91A30B2AE4}"
EndProject
Project("{FAE04EC0-301F-11D3-BF4B-00C04F79EFBC}") = "SemaphoreSlimTest", "SemaphoreSlim\SemaphoreSlimTest.csproj", "{DF63C0FD-6D58-40B9-B170-A116D0D4C321}"
EndProject
Project("{FAE04EC0-301F-11D3-BF4B-00C04F79EFBC}") = "TaskStart", "TaskStart\TaskStart.csproj", "{90A28970-C2B3-4039-BA63-1C26611845AB}"
EndProject
Global
	GlobalSection(SolutionConfigurationPlatforms) = preSolution
		Debug|Any CPU = Debug|Any CPU
		Debug|Mixed Platforms = Debug|Mixed Platforms
		Debug|x64 = Debug|x64
		Release|Any CPU = Release|Any CPU
		Release|Mixed Platforms = Release|Mixed Platforms
		Release|x64 = Release|x64
	EndGlobalSection
	GlobalSection(ProjectConfigurationPlatforms) = postSolution
		{4D3FDDB6-DA90-4C0A-865F-D32F8BB19148}.Debug|Any CPU.ActiveCfg = Debug|Any CPU
		{4D3FDDB6-DA90-4C0A-865F-D32F8BB19148}.Debug|Any CPU.Build.0 = Debug|Any CPU
		{4D3FDDB6-DA90-4C0A-865F-D32F8BB19148}.Debug|Mixed Platforms.ActiveCfg = Debug|Any CPU
		{4D3FDDB6-DA90-4C0A-865F-D32F8BB19148}.Debug|Mixed Platforms.Build.0 = Debug|Any CPU
		{4D3FDDB6-DA90-4C0A-865F-D32F8BB19148}.Debug|x64.ActiveCfg = Debug|x64
		{4D3FDDB6-DA90-4C0A-865F-D32F8BB19148}.Debug|x64.Build.0 = Debug|x64
		{4D3FDDB6-DA90-4C0A-865F-D32F8BB19148}.Release|Any CPU.ActiveCfg = Release|Any CPU
		{4D3FDDB6-DA90-4C0A-865F-D32F8BB19148}.Release|Any CPU.Build.0 = Release|Any CPU
		{4D3FDDB6-DA90-4C0A-865F-D32F8BB19148}.Release|Mixed Platforms.ActiveCfg = Release|Any CPU
		{4D3FDDB6-DA90-4C0A-865F-D32F8BB19148}.Release|Mixed Platforms.Build.0 = Release|Any CPU
		{4D3FDDB6-DA90-4C0A-865F-D32F8BB19148}.Release|x64.ActiveCfg = Release|x64
		{4D3FDDB6-DA90-4C0A-865F-D32F8BB19148}.Release|x64.Build.0 = Release|x64
		{6C4F6547-102B-4994-BAD8-1AD9A15F3D8D}.Debug|Any CPU.ActiveCfg = Debug|Any CPU
		{6C4F6547-102B-4994-BAD8-1AD9A15F3D8D}.Debug|Any CPU.Build.0 = Debug|Any CPU
		{6C4F6547-102B-4994-BAD8-1AD9A15F3D8D}.Debug|Mixed Platforms.ActiveCfg = Debug|Any CPU
		{6C4F6547-102B-4994-BAD8-1AD9A15F3D8D}.Debug|Mixed Platforms.Build.0 = Debug|Any CPU
		{6C4F6547-102B-4994-BAD8-1AD9A15F3D8D}.Debug|x64.ActiveCfg = Debug|Any CPU
		{6C4F6547-102B-4994-BAD8-1AD9A15F3D8D}.Release|Any CPU.ActiveCfg = Release|Any CPU
		{6C4F6547-102B-4994-BAD8-1AD9A15F3D8D}.Release|Any CPU.Build.0 = Release|Any CPU
		{6C4F6547-102B-4994-BAD8-1AD9A15F3D8D}.Release|Mixed Platforms.ActiveCfg = Release|Any CPU
		{6C4F6547-102B-4994-BAD8-1AD9A15F3D8D}.Release|Mixed Platforms.Build.0 = Release|Any CPU
		{6C4F6547-102B-4994-BAD8-1AD9A15F3D8D}.Release|x64.ActiveCfg = Release|Any CPU
		{FD888546-42B4-4FE6-8B64-95C05C61E40C}.Debug|Any CPU.ActiveCfg = Debug|Any CPU
		{FD888546-42B4-4FE6-8B64-95C05C61E40C}.Debug|Any CPU.Build.0 = Debug|Any CPU
		{FD888546-42B4-4FE6-8B64-95C05C61E40C}.Debug|Mixed Platforms.ActiveCfg = Debug|Any CPU
		{FD888546-42B4-4FE6-8B64-95C05C61E40C}.Debug|Mixed Platforms.Build.0 = Debug|Any CPU
		{FD888546-42B4-4FE6-8B64-95C05C61E40C}.Debug|x64.ActiveCfg = Debug|Any CPU
		{FD888546-42B4-4FE6-8B64-95C05C61E40C}.Release|Any CPU.ActiveCfg = Release|Any CPU
		{FD888546-42B4-4FE6-8B64-95C05C61E40C}.Release|Any CPU.Build.0 = Release|Any CPU
		{FD888546-42B4-4FE6-8B64-95C05C61E40C}.Release|Mixed Platforms.ActiveCfg = Release|Any CPU
		{FD888546-42B4-4FE6-8B64-95C05C61E40C}.Release|Mixed Platforms.Build.0 = Release|Any CPU
		{FD888546-42B4-4FE6-8B64-95C05C61E40C}.Release|x64.ActiveCfg = Release|Any CPU
		{CDE47A7B-2691-456E-B69C-981BB9A33944}.Debug|Any CPU.ActiveCfg = Debug|Any CPU
		{CDE47A7B-2691-456E-B69C-981BB9A33944}.Debug|Any CPU.Build.0 = Debug|Any CPU
		{CDE47A7B-2691-456E-B69C-981BB9A33944}.Debug|Mixed Platforms.ActiveCfg = Debug|Any CPU
		{CDE47A7B-2691-456E-B69C-981BB9A33944}.Debug|Mixed Platforms.Build.0 = Debug|Any CPU
		{CDE47A7B-2691-456E-B69C-981BB9A33944}.Debug|x64.ActiveCfg = Debug|Any CPU
		{CDE47A7B-2691-456E-B69C-981BB9A33944}.Release|Any CPU.ActiveCfg = Release|Any CPU
		{CDE47A7B-2691-456E-B69C-981BB9A33944}.Release|Any CPU.Build.0 = Release|Any CPU
		{CDE47A7B-2691-456E-B69C-981BB9A33944}.Release|Mixed Platforms.ActiveCfg = Release|Any CPU
		{CDE47A7B-2691-456E-B69C-981BB9A33944}.Release|Mixed Platforms.Build.0 = Release|Any CPU
		{CDE47A7B-2691-456E-B69C-981BB9A33944}.Release|x64.ActiveCfg = Release|Any CPU
		{4139570F-FD11-40AF-9518-356A814AFB5D}.Debug|Any CPU.ActiveCfg = Debug|Any CPU
		{4139570F-FD11-40AF-9518-356A814AFB5D}.Debug|Any CPU.Build.0 = Debug|Any CPU
		{4139570F-FD11-40AF-9518-356A814AFB5D}.Debug|Mixed Platforms.ActiveCfg = Debug|Any CPU
		{4139570F-FD11-40AF-9518-356A814AFB5D}.Debug|Mixed Platforms.Build.0 = Debug|Any CPU
		{4139570F-FD11-40AF-9518-356A814AFB5D}.Debug|x64.ActiveCfg = Debug|Any CPU
		{4139570F-FD11-40AF-9518-356A814AFB5D}.Release|Any CPU.ActiveCfg = Release|Any CPU
		{4139570F-FD11-40AF-9518-356A814AFB5D}.Release|Any CPU.Build.0 = Release|Any CPU
		{4139570F-FD11-40AF-9518-356A814AFB5D}.Release|Mixed Platforms.ActiveCfg = Release|Any CPU
		{4139570F-FD11-40AF-9518-356A814AFB5D}.Release|Mixed Platforms.Build.0 = Release|Any CPU
		{4139570F-FD11-40AF-9518-356A814AFB5D}.Release|x64.ActiveCfg = Release|Any CPU
		{C21203C6-0D70-4B85-A0D5-6A0430D63CD8}.Debug|Any CPU.ActiveCfg = Debug|Any CPU
		{C21203C6-0D70-4B85-A0D5-6A0430D63CD8}.Debug|Any CPU.Build.0 = Debug|Any CPU
		{C21203C6-0D70-4B85-A0D5-6A0430D63CD8}.Debug|Mixed Platforms.ActiveCfg = Debug|Any CPU
		{C21203C6-0D70-4B85-A0D5-6A0430D63CD8}.Debug|Mixed Platforms.Build.0 = Debug|Any CPU
		{C21203C6-0D70-4B85-A0D5-6A0430D63CD8}.Debug|x64.ActiveCfg = Debug|Any CPU
		{C21203C6-0D70-4B85-A0D5-6A0430D63CD8}.Release|Any CPU.ActiveCfg = Release|Any CPU
		{C21203C6-0D70-4B85-A0D5-6A0430D63CD8}.Release|Any CPU.Build.0 = Release|Any CPU
		{C21203C6-0D70-4B85-A0D5-6A0430D63CD8}.Release|Mixed Platforms.ActiveCfg = Release|Any CPU
		{C21203C6-0D70-4B85-A0D5-6A0430D63CD8}.Release|Mixed Platforms.Build.0 = Release|Any CPU
		{C21203C6-0D70-4B85-A0D5-6A0430D63CD8}.Release|x64.ActiveCfg = Release|Any CPU
		{60923827-D1F9-4FED-8780-5DB80C1907AB}.Debug|Any CPU.ActiveCfg = Debug|Any CPU
		{60923827-D1F9-4FED-8780-5DB80C1907AB}.Debug|Any CPU.Build.0 = Debug|Any CPU
		{60923827-D1F9-4FED-8780-5DB80C1907AB}.Debug|Mixed Platforms.ActiveCfg = Debug|Any CPU
		{60923827-D1F9-4FED-8780-5DB80C1907AB}.Debug|Mixed Platforms.Build.0 = Debug|Any CPU
		{60923827-D1F9-4FED-8780-5DB80C1907AB}.Debug|x64.ActiveCfg = Debug|Any CPU
		{60923827-D1F9-4FED-8780-5DB80C1907AB}.Release|Any CPU.ActiveCfg = Release|Any CPU
		{60923827-D1F9-4FED-8780-5DB80C1907AB}.Release|Any CPU.Build.0 = Release|Any CPU
		{60923827-D1F9-4FED-8780-5DB80C1907AB}.Release|Mixed Platforms.ActiveCfg = Release|Any CPU
		{60923827-D1F9-4FED-8780-5DB80C1907AB}.Release|Mixed Platforms.Build.0 = Release|Any CPU
		{60923827-D1F9-4FED-8780-5DB80C1907AB}.Release|x64.ActiveCfg = Release|Any CPU
		{3648ECD4-2612-4BC9-BFF1-5C1808454A14}.Debug|Any CPU.ActiveCfg = Debug|Any CPU
		{3648ECD4-2612-4BC9-BFF1-5C1808454A14}.Debug|Any CPU.Build.0 = Debug|Any CPU
		{3648ECD4-2612-4BC9-BFF1-5C1808454A14}.Debug|Mixed Platforms.ActiveCfg = Debug|Any CPU
		{3648ECD4-2612-4BC9-BFF1-5C1808454A14}.Debug|Mixed Platforms.Build.0 = Debug|Any CPU
		{3648ECD4-2612-4BC9-BFF1-5C1808454A14}.Debug|x64.ActiveCfg = Debug|Any CPU
		{3648ECD4-2612-4BC9-BFF1-5C1808454A14}.Release|Any CPU.ActiveCfg = Release|Any CPU
		{3648ECD4-2612-4BC9-BFF1-5C1808454A14}.Release|Any CPU.Build.0 = Release|Any CPU
		{3648ECD4-2612-4BC9-BFF1-5C1808454A14}.Release|Mixed Platforms.ActiveCfg = Release|Any CPU
		{3648ECD4-2612-4BC9-BFF1-5C1808454A14}.Release|Mixed Platforms.Build.0 = Release|Any CPU
		{3648ECD4-2612-4BC9-BFF1-5C1808454A14}.Release|x64.ActiveCfg = Release|Any CPU
		{4A1D2BC2-49D8-4BCC-80E9-4F0C690D104C}.Debug|Any CPU.ActiveCfg = Debug|Any CPU
		{4A1D2BC2-49D8-4BCC-80E9-4F0C690D104C}.Debug|Any CPU.Build.0 = Debug|Any CPU
		{4A1D2BC2-49D8-4BCC-80E9-4F0C690D104C}.Debug|Mixed Platforms.ActiveCfg = Debug|Any CPU
		{4A1D2BC2-49D8-4BCC-80E9-4F0C690D104C}.Debug|Mixed Platforms.Build.0 = Debug|Any CPU
		{4A1D2BC2-49D8-4BCC-80E9-4F0C690D104C}.Debug|x64.ActiveCfg = Debug|Any CPU
		{4A1D2BC2-49D8-4BCC-80E9-4F0C690D104C}.Release|Any CPU.ActiveCfg = Release|Any CPU
		{4A1D2BC2-49D8-4BCC-80E9-4F0C690D104C}.Release|Any CPU.Build.0 = Release|Any CPU
		{4A1D2BC2-49D8-4BCC-80E9-4F0C690D104C}.Release|Mixed Platforms.ActiveCfg = Release|Any CPU
		{4A1D2BC2-49D8-4BCC-80E9-4F0C690D104C}.Release|Mixed Platforms.Build.0 = Release|Any CPU
		{4A1D2BC2-49D8-4BCC-80E9-4F0C690D104C}.Release|x64.ActiveCfg = Release|Any CPU
		{E2DB13CA-6821-46DA-89BF-8812DABB807C}.Debug|Any CPU.ActiveCfg = Debug|Any CPU
		{E2DB13CA-6821-46DA-89BF-8812DABB807C}.Debug|Any CPU.Build.0 = Debug|Any CPU
		{E2DB13CA-6821-46DA-89BF-8812DABB807C}.Debug|Mixed Platforms.ActiveCfg = Debug|Any CPU
		{E2DB13CA-6821-46DA-89BF-8812DABB807C}.Debug|Mixed Platforms.Build.0 = Debug|Any CPU
		{E2DB13CA-6821-46DA-89BF-8812DABB807C}.Debug|x64.ActiveCfg = Debug|Any CPU
		{E2DB13CA-6821-46DA-89BF-8812DABB807C}.Release|Any CPU.ActiveCfg = Release|Any CPU
		{E2DB13CA-6821-46DA-89BF-8812DABB807C}.Release|Any CPU.Build.0 = Release|Any CPU
		{E2DB13CA-6821-46DA-89BF-8812DABB807C}.Release|Mixed Platforms.ActiveCfg = Release|Any CPU
		{E2DB13CA-6821-46DA-89BF-8812DABB807C}.Release|Mixed Platforms.Build.0 = Release|Any CPU
		{E2DB13CA-6821-46DA-89BF-8812DABB807C}.Release|x64.ActiveCfg = Release|Any CPU
		{EEF7C597-884C-4823-8C49-BD75561C67BC}.Debug|Any CPU.ActiveCfg = Debug|Any CPU
		{EEF7C597-884C-4823-8C49-BD75561C67BC}.Debug|Any CPU.Build.0 = Debug|Any CPU
		{EEF7C597-884C-4823-8C49-BD75561C67BC}.Debug|Mixed Platforms.ActiveCfg = Debug|Any CPU
		{EEF7C597-884C-4823-8C49-BD75561C67BC}.Debug|Mixed Platforms.Build.0 = Debug|Any CPU
		{EEF7C597-884C-4823-8C49-BD75561C67BC}.Debug|x64.ActiveCfg = Debug|Any CPU
		{EEF7C597-884C-4823-8C49-BD75561C67BC}.Release|Any CPU.ActiveCfg = Release|Any CPU
		{EEF7C597-884C-4823-8C49-BD75561C67BC}.Release|Any CPU.Build.0 = Release|Any CPU
		{EEF7C597-884C-4823-8C49-BD75561C67BC}.Release|Mixed Platforms.ActiveCfg = Release|Any CPU
		{EEF7C597-884C-4823-8C49-BD75561C67BC}.Release|Mixed Platforms.Build.0 = Release|Any CPU
		{EEF7C597-884C-4823-8C49-BD75561C67BC}.Release|x64.ActiveCfg = Release|Any CPU
		{C07A1623-BDF3-4A55-99E2-76D1B1C8A7DD}.Debug|Any CPU.ActiveCfg = Debug|Any CPU
		{C07A1623-BDF3-4A55-99E2-76D1B1C8A7DD}.Debug|Any CPU.Build.0 = Debug|Any CPU
		{C07A1623-BDF3-4A55-99E2-76D1B1C8A7DD}.Debug|Mixed Platforms.ActiveCfg = Debug|Any CPU
		{C07A1623-BDF3-4A55-99E2-76D1B1C8A7DD}.Debug|Mixed Platforms.Build.0 = Debug|Any CPU
		{C07A1623-BDF3-4A55-99E2-76D1B1C8A7DD}.Debug|x64.ActiveCfg = Debug|Any CPU
		{C07A1623-BDF3-4A55-99E2-76D1B1C8A7DD}.Release|Any CPU.ActiveCfg = Release|Any CPU
		{C07A1623-BDF3-4A55-99E2-76D1B1C8A7DD}.Release|Any CPU.Build.0 = Release|Any CPU
		{C07A1623-BDF3-4A55-99E2-76D1B1C8A7DD}.Release|Mixed Platforms.ActiveCfg = Release|Any CPU
		{C07A1623-BDF3-4A55-99E2-76D1B1C8A7DD}.Release|Mixed Platforms.Build.0 = Release|Any CPU
		{C07A1623-BDF3-4A55-99E2-76D1B1C8A7DD}.Release|x64.ActiveCfg = Release|Any CPU
		{E40D2EF2-EC58-4301-B4E4-927CB5C0C3E7}.Debug|Any CPU.ActiveCfg = Debug|Any CPU
		{E40D2EF2-EC58-4301-B4E4-927CB5C0C3E7}.Debug|Any CPU.Build.0 = Debug|Any CPU
		{E40D2EF2-EC58-4301-B4E4-927CB5C0C3E7}.Debug|Mixed Platforms.ActiveCfg = Debug|Any CPU
		{E40D2EF2-EC58-4301-B4E4-927CB5C0C3E7}.Debug|Mixed Platforms.Build.0 = Debug|Any CPU
		{E40D2EF2-EC58-4301-B4E4-927CB5C0C3E7}.Debug|x64.ActiveCfg = Debug|Any CPU
		{E40D2EF2-EC58-4301-B4E4-927CB5C0C3E7}.Release|Any CPU.ActiveCfg = Release|Any CPU
		{E40D2EF2-EC58-4301-B4E4-927CB5C0C3E7}.Release|Any CPU.Build.0 = Release|Any CPU
		{E40D2EF2-EC58-4301-B4E4-927CB5C0C3E7}.Release|Mixed Platforms.ActiveCfg = Release|Any CPU
		{E40D2EF2-EC58-4301-B4E4-927CB5C0C3E7}.Release|Mixed Platforms.Build.0 = Release|Any CPU
		{E40D2EF2-EC58-4301-B4E4-927CB5C0C3E7}.Release|x64.ActiveCfg = Release|Any CPU
		{905E7920-8296-427C-B310-32B053E87AE2}.Debug|Any CPU.ActiveCfg = Debug|Any CPU
		{905E7920-8296-427C-B310-32B053E87AE2}.Debug|Any CPU.Build.0 = Debug|Any CPU
		{905E7920-8296-427C-B310-32B053E87AE2}.Debug|Mixed Platforms.ActiveCfg = Debug|Any CPU
		{905E7920-8296-427C-B310-32B053E87AE2}.Debug|Mixed Platforms.Build.0 = Debug|Any CPU
		{905E7920-8296-427C-B310-32B053E87AE2}.Debug|x64.ActiveCfg = Debug|Any CPU
		{905E7920-8296-427C-B310-32B053E87AE2}.Release|Any CPU.ActiveCfg = Release|Any CPU
		{905E7920-8296-427C-B310-32B053E87AE2}.Release|Any CPU.Build.0 = Release|Any CPU
		{905E7920-8296-427C-B310-32B053E87AE2}.Release|Mixed Platforms.ActiveCfg = Release|Any CPU
		{905E7920-8296-427C-B310-32B053E87AE2}.Release|Mixed Platforms.Build.0 = Release|Any CPU
		{905E7920-8296-427C-B310-32B053E87AE2}.Release|x64.ActiveCfg = Release|Any CPU
		{7F6E82BB-834A-4F86-91C8-741FB200F62C}.Debug|Any CPU.ActiveCfg = Debug|Any CPU
		{7F6E82BB-834A-4F86-91C8-741FB200F62C}.Debug|Any CPU.Build.0 = Debug|Any CPU
		{7F6E82BB-834A-4F86-91C8-741FB200F62C}.Debug|Mixed Platforms.ActiveCfg = Debug|Any CPU
		{7F6E82BB-834A-4F86-91C8-741FB200F62C}.Debug|Mixed Platforms.Build.0 = Debug|Any CPU
		{7F6E82BB-834A-4F86-91C8-741FB200F62C}.Debug|x64.ActiveCfg = Debug|Any CPU
		{7F6E82BB-834A-4F86-91C8-741FB200F62C}.Release|Any CPU.ActiveCfg = Release|Any CPU
		{7F6E82BB-834A-4F86-91C8-741FB200F62C}.Release|Any CPU.Build.0 = Release|Any CPU
		{7F6E82BB-834A-4F86-91C8-741FB200F62C}.Release|Mixed Platforms.ActiveCfg = Release|Any CPU
		{7F6E82BB-834A-4F86-91C8-741FB200F62C}.Release|Mixed Platforms.Build.0 = Release|Any CPU
		{7F6E82BB-834A-4F86-91C8-741FB200F62C}.Release|x64.ActiveCfg = Release|Any CPU
		{C50CF090-9FD9-4897-8EEC-9D30CE59AFA1}.Debug|Any CPU.ActiveCfg = Debug|Any CPU
		{C50CF090-9FD9-4897-8EEC-9D30CE59AFA1}.Debug|Any CPU.Build.0 = Debug|Any CPU
		{C50CF090-9FD9-4897-8EEC-9D30CE59AFA1}.Debug|Mixed Platforms.ActiveCfg = Debug|Any CPU
		{C50CF090-9FD9-4897-8EEC-9D30CE59AFA1}.Debug|Mixed Platforms.Build.0 = Debug|Any CPU
		{C50CF090-9FD9-4897-8EEC-9D30CE59AFA1}.Debug|x64.ActiveCfg = Debug|Any CPU
		{C50CF090-9FD9-4897-8EEC-9D30CE59AFA1}.Release|Any CPU.ActiveCfg = Release|Any CPU
		{C50CF090-9FD9-4897-8EEC-9D30CE59AFA1}.Release|Any CPU.Build.0 = Release|Any CPU
		{C50CF090-9FD9-4897-8EEC-9D30CE59AFA1}.Release|Mixed Platforms.ActiveCfg = Release|Any CPU
		{C50CF090-9FD9-4897-8EEC-9D30CE59AFA1}.Release|Mixed Platforms.Build.0 = Release|Any CPU
		{C50CF090-9FD9-4897-8EEC-9D30CE59AFA1}.Release|x64.ActiveCfg = Release|Any CPU
		{FF9EAB69-2FF2-4FE1-89AA-4D9B3650DA13}.Debug|Any CPU.ActiveCfg = Debug|Any CPU
		{FF9EAB69-2FF2-4FE1-89AA-4D9B3650DA13}.Debug|Any CPU.Build.0 = Debug|Any CPU
		{FF9EAB69-2FF2-4FE1-89AA-4D9B3650DA13}.Debug|Mixed Platforms.ActiveCfg = Debug|Any CPU
		{FF9EAB69-2FF2-4FE1-89AA-4D9B3650DA13}.Debug|Mixed Platforms.Build.0 = Debug|Any CPU
		{FF9EAB69-2FF2-4FE1-89AA-4D9B3650DA13}.Debug|x64.ActiveCfg = Debug|Any CPU
		{FF9EAB69-2FF2-4FE1-89AA-4D9B3650DA13}.Release|Any CPU.ActiveCfg = Release|Any CPU
		{FF9EAB69-2FF2-4FE1-89AA-4D9B3650DA13}.Release|Any CPU.Build.0 = Release|Any CPU
		{FF9EAB69-2FF2-4FE1-89AA-4D9B3650DA13}.Release|Mixed Platforms.ActiveCfg = Release|Any CPU
		{FF9EAB69-2FF2-4FE1-89AA-4D9B3650DA13}.Release|Mixed Platforms.Build.0 = Release|Any CPU
		{FF9EAB69-2FF2-4FE1-89AA-4D9B3650DA13}.Release|x64.ActiveCfg = Release|Any CPU
		{1078AA67-2223-4D00-9B48-1803FE1A6FFA}.Debug|Any CPU.ActiveCfg = Debug|Any CPU
		{1078AA67-2223-4D00-9B48-1803FE1A6FFA}.Debug|Any CPU.Build.0 = Debug|Any CPU
		{1078AA67-2223-4D00-9B48-1803FE1A6FFA}.Debug|Mixed Platforms.ActiveCfg = Debug|Any CPU
		{1078AA67-2223-4D00-9B48-1803FE1A6FFA}.Debug|Mixed Platforms.Build.0 = Debug|Any CPU
		{1078AA67-2223-4D00-9B48-1803FE1A6FFA}.Debug|x64.ActiveCfg = Debug|Any CPU
		{1078AA67-2223-4D00-9B48-1803FE1A6FFA}.Release|Any CPU.ActiveCfg = Release|Any CPU
		{1078AA67-2223-4D00-9B48-1803FE1A6FFA}.Release|Any CPU.Build.0 = Release|Any CPU
		{1078AA67-2223-4D00-9B48-1803FE1A6FFA}.Release|Mixed Platforms.ActiveCfg = Release|Any CPU
		{1078AA67-2223-4D00-9B48-1803FE1A6FFA}.Release|Mixed Platforms.Build.0 = Release|Any CPU
		{1078AA67-2223-4D00-9B48-1803FE1A6FFA}.Release|x64.ActiveCfg = Release|Any CPU
		{2FAB12AA-AF5F-4B7B-9221-848207AD98F6}.Debug|Any CPU.ActiveCfg = Debug|Any CPU
		{2FAB12AA-AF5F-4B7B-9221-848207AD98F6}.Debug|Any CPU.Build.0 = Debug|Any CPU
		{2FAB12AA-AF5F-4B7B-9221-848207AD98F6}.Debug|Mixed Platforms.ActiveCfg = Debug|Any CPU
		{2FAB12AA-AF5F-4B7B-9221-848207AD98F6}.Debug|Mixed Platforms.Build.0 = Debug|Any CPU
		{2FAB12AA-AF5F-4B7B-9221-848207AD98F6}.Debug|x64.ActiveCfg = Debug|Any CPU
		{2FAB12AA-AF5F-4B7B-9221-848207AD98F6}.Release|Any CPU.ActiveCfg = Release|Any CPU
		{2FAB12AA-AF5F-4B7B-9221-848207AD98F6}.Release|Any CPU.Build.0 = Release|Any CPU
		{2FAB12AA-AF5F-4B7B-9221-848207AD98F6}.Release|Mixed Platforms.ActiveCfg = Release|Any CPU
		{2FAB12AA-AF5F-4B7B-9221-848207AD98F6}.Release|Mixed Platforms.Build.0 = Release|Any CPU
		{2FAB12AA-AF5F-4B7B-9221-848207AD98F6}.Release|x64.ActiveCfg = Release|Any CPU
		{1EDA615B-00F4-4485-A7C3-27273A443F90}.Debug|Any CPU.ActiveCfg = Debug|Any CPU
		{1EDA615B-00F4-4485-A7C3-27273A443F90}.Debug|Any CPU.Build.0 = Debug|Any CPU
		{1EDA615B-00F4-4485-A7C3-27273A443F90}.Debug|Mixed Platforms.ActiveCfg = Debug|Any CPU
		{1EDA615B-00F4-4485-A7C3-27273A443F90}.Debug|Mixed Platforms.Build.0 = Debug|Any CPU
		{1EDA615B-00F4-4485-A7C3-27273A443F90}.Debug|x64.ActiveCfg = Debug|Any CPU
		{1EDA615B-00F4-4485-A7C3-27273A443F90}.Release|Any CPU.ActiveCfg = Release|Any CPU
		{1EDA615B-00F4-4485-A7C3-27273A443F90}.Release|Any CPU.Build.0 = Release|Any CPU
		{1EDA615B-00F4-4485-A7C3-27273A443F90}.Release|Mixed Platforms.ActiveCfg = Release|Any CPU
		{1EDA615B-00F4-4485-A7C3-27273A443F90}.Release|Mixed Platforms.Build.0 = Release|Any CPU
		{1EDA615B-00F4-4485-A7C3-27273A443F90}.Release|x64.ActiveCfg = Release|Any CPU
		{64BA2C0D-3CF2-40D4-B879-1886378DC9E3}.Debug|Any CPU.ActiveCfg = Debug|Any CPU
		{64BA2C0D-3CF2-40D4-B879-1886378DC9E3}.Debug|Any CPU.Build.0 = Debug|Any CPU
		{64BA2C0D-3CF2-40D4-B879-1886378DC9E3}.Debug|Mixed Platforms.ActiveCfg = Debug|Any CPU
		{64BA2C0D-3CF2-40D4-B879-1886378DC9E3}.Debug|Mixed Platforms.Build.0 = Debug|Any CPU
		{64BA2C0D-3CF2-40D4-B879-1886378DC9E3}.Debug|x64.ActiveCfg = Debug|Any CPU
		{64BA2C0D-3CF2-40D4-B879-1886378DC9E3}.Release|Any CPU.ActiveCfg = Release|Any CPU
		{64BA2C0D-3CF2-40D4-B879-1886378DC9E3}.Release|Any CPU.Build.0 = Release|Any CPU
		{64BA2C0D-3CF2-40D4-B879-1886378DC9E3}.Release|Mixed Platforms.ActiveCfg = Release|Any CPU
		{64BA2C0D-3CF2-40D4-B879-1886378DC9E3}.Release|Mixed Platforms.Build.0 = Release|Any CPU
		{64BA2C0D-3CF2-40D4-B879-1886378DC9E3}.Release|x64.ActiveCfg = Release|Any CPU
		{0E579E1F-9FAB-4C40-9E6A-F07937E35C87}.Debug|Any CPU.ActiveCfg = Debug|Any CPU
		{0E579E1F-9FAB-4C40-9E6A-F07937E35C87}.Debug|Any CPU.Build.0 = Debug|Any CPU
		{0E579E1F-9FAB-4C40-9E6A-F07937E35C87}.Debug|Mixed Platforms.ActiveCfg = Debug|Any CPU
		{0E579E1F-9FAB-4C40-9E6A-F07937E35C87}.Debug|Mixed Platforms.Build.0 = Debug|Any CPU
		{0E579E1F-9FAB-4C40-9E6A-F07937E35C87}.Debug|x64.ActiveCfg = Debug|Any CPU
		{0E579E1F-9FAB-4C40-9E6A-F07937E35C87}.Release|Any CPU.ActiveCfg = Release|Any CPU
		{0E579E1F-9FAB-4C40-9E6A-F07937E35C87}.Release|Any CPU.Build.0 = Release|Any CPU
		{0E579E1F-9FAB-4C40-9E6A-F07937E35C87}.Release|Mixed Platforms.ActiveCfg = Release|Any CPU
		{0E579E1F-9FAB-4C40-9E6A-F07937E35C87}.Release|Mixed Platforms.Build.0 = Release|Any CPU
		{0E579E1F-9FAB-4C40-9E6A-F07937E35C87}.Release|x64.ActiveCfg = Release|Any CPU
		{691A17FE-7228-4E3B-9BC2-23411986A2A9}.Debug|Any CPU.ActiveCfg = Debug|Any CPU
		{691A17FE-7228-4E3B-9BC2-23411986A2A9}.Debug|Any CPU.Build.0 = Debug|Any CPU
		{691A17FE-7228-4E3B-9BC2-23411986A2A9}.Debug|Mixed Platforms.ActiveCfg = Debug|Any CPU
		{691A17FE-7228-4E3B-9BC2-23411986A2A9}.Debug|Mixed Platforms.Build.0 = Debug|Any CPU
		{691A17FE-7228-4E3B-9BC2-23411986A2A9}.Debug|x64.ActiveCfg = Debug|Any CPU
		{691A17FE-7228-4E3B-9BC2-23411986A2A9}.Release|Any CPU.ActiveCfg = Release|Any CPU
		{691A17FE-7228-4E3B-9BC2-23411986A2A9}.Release|Any CPU.Build.0 = Release|Any CPU
		{691A17FE-7228-4E3B-9BC2-23411986A2A9}.Release|Mixed Platforms.ActiveCfg = Release|Any CPU
		{691A17FE-7228-4E3B-9BC2-23411986A2A9}.Release|Mixed Platforms.Build.0 = Release|Any CPU
		{691A17FE-7228-4E3B-9BC2-23411986A2A9}.Release|x64.ActiveCfg = Release|Any CPU
		{3287AE67-F89D-478E-9457-FF580E9B0A2A}.Debug|Any CPU.ActiveCfg = Debug|Any CPU
		{3287AE67-F89D-478E-9457-FF580E9B0A2A}.Debug|Any CPU.Build.0 = Debug|Any CPU
		{3287AE67-F89D-478E-9457-FF580E9B0A2A}.Debug|Mixed Platforms.ActiveCfg = Debug|Any CPU
		{3287AE67-F89D-478E-9457-FF580E9B0A2A}.Debug|Mixed Platforms.Build.0 = Debug|Any CPU
		{3287AE67-F89D-478E-9457-FF580E9B0A2A}.Debug|x64.ActiveCfg = Debug|Any CPU
		{3287AE67-F89D-478E-9457-FF580E9B0A2A}.Release|Any CPU.ActiveCfg = Release|Any CPU
		{3287AE67-F89D-478E-9457-FF580E9B0A2A}.Release|Any CPU.Build.0 = Release|Any CPU
		{3287AE67-F89D-478E-9457-FF580E9B0A2A}.Release|Mixed Platforms.ActiveCfg = Release|Any CPU
		{3287AE67-F89D-478E-9457-FF580E9B0A2A}.Release|Mixed Platforms.Build.0 = Release|Any CPU
		{3287AE67-F89D-478E-9457-FF580E9B0A2A}.Release|x64.ActiveCfg = Release|Any CPU
		{6628F0EF-AC1E-4C3A-8BF7-DA40B53C33CC}.Debug|Any CPU.ActiveCfg = Debug|Any CPU
		{6628F0EF-AC1E-4C3A-8BF7-DA40B53C33CC}.Debug|Any CPU.Build.0 = Debug|Any CPU
		{6628F0EF-AC1E-4C3A-8BF7-DA40B53C33CC}.Debug|Mixed Platforms.ActiveCfg = Debug|Any CPU
		{6628F0EF-AC1E-4C3A-8BF7-DA40B53C33CC}.Debug|Mixed Platforms.Build.0 = Debug|Any CPU
		{6628F0EF-AC1E-4C3A-8BF7-DA40B53C33CC}.Debug|x64.ActiveCfg = Debug|Any CPU
		{6628F0EF-AC1E-4C3A-8BF7-DA40B53C33CC}.Release|Any CPU.ActiveCfg = Release|Any CPU
		{6628F0EF-AC1E-4C3A-8BF7-DA40B53C33CC}.Release|Any CPU.Build.0 = Release|Any CPU
		{6628F0EF-AC1E-4C3A-8BF7-DA40B53C33CC}.Release|Mixed Platforms.ActiveCfg = Release|Any CPU
		{6628F0EF-AC1E-4C3A-8BF7-DA40B53C33CC}.Release|Mixed Platforms.Build.0 = Release|Any CPU
		{6628F0EF-AC1E-4C3A-8BF7-DA40B53C33CC}.Release|x64.ActiveCfg = Release|Any CPU
		{16706C83-F21C-4987-90A6-AD0BCD82BD57}.Debug|Any CPU.ActiveCfg = Debug|Any CPU
		{16706C83-F21C-4987-90A6-AD0BCD82BD57}.Debug|Any CPU.Build.0 = Debug|Any CPU
		{16706C83-F21C-4987-90A6-AD0BCD82BD57}.Debug|Mixed Platforms.ActiveCfg = Debug|Any CPU
		{16706C83-F21C-4987-90A6-AD0BCD82BD57}.Debug|Mixed Platforms.Build.0 = Debug|Any CPU
		{16706C83-F21C-4987-90A6-AD0BCD82BD57}.Debug|x64.ActiveCfg = Debug|Any CPU
		{16706C83-F21C-4987-90A6-AD0BCD82BD57}.Debug|x64.Build.0 = Debug|Any CPU
		{16706C83-F21C-4987-90A6-AD0BCD82BD57}.Release|Any CPU.ActiveCfg = Release|Any CPU
		{16706C83-F21C-4987-90A6-AD0BCD82BD57}.Release|Any CPU.Build.0 = Release|Any CPU
		{16706C83-F21C-4987-90A6-AD0BCD82BD57}.Release|Mixed Platforms.ActiveCfg = Release|Any CPU
		{16706C83-F21C-4987-90A6-AD0BCD82BD57}.Release|Mixed Platforms.Build.0 = Release|Any CPU
		{16706C83-F21C-4987-90A6-AD0BCD82BD57}.Release|x64.ActiveCfg = Release|Any CPU
		{16706C83-F21C-4987-90A6-AD0BCD82BD57}.Release|x64.Build.0 = Release|Any CPU
		{BC5E793D-685D-4598-8E60-9B91A30B2AE4}.Debug|Any CPU.ActiveCfg = Debug|Any CPU
		{BC5E793D-685D-4598-8E60-9B91A30B2AE4}.Debug|Any CPU.Build.0 = Debug|Any CPU
		{BC5E793D-685D-4598-8E60-9B91A30B2AE4}.Debug|Mixed Platforms.ActiveCfg = Debug|Any CPU
		{BC5E793D-685D-4598-8E60-9B91A30B2AE4}.Debug|Mixed Platforms.Build.0 = Debug|Any CPU
		{BC5E793D-685D-4598-8E60-9B91A30B2AE4}.Debug|x64.ActiveCfg = Debug|Any CPU
		{BC5E793D-685D-4598-8E60-9B91A30B2AE4}.Debug|x64.Build.0 = Debug|Any CPU
		{BC5E793D-685D-4598-8E60-9B91A30B2AE4}.Release|Any CPU.ActiveCfg = Release|Any CPU
		{BC5E793D-685D-4598-8E60-9B91A30B2AE4}.Release|Any CPU.Build.0 = Release|Any CPU
		{BC5E793D-685D-4598-8E60-9B91A30B2AE4}.Release|Mixed Platforms.ActiveCfg = Release|Any CPU
		{BC5E793D-685D-4598-8E60-9B91A30B2AE4}.Release|Mixed Platforms.Build.0 = Release|Any CPU
		{BC5E793D-685D-4598-8E60-9B91A30B2AE4}.Release|x64.ActiveCfg = Release|Any CPU
		{BC5E793D-685D-4598-8E60-9B91A30B2AE4}.Release|x64.Build.0 = Release|Any CPU
		{DF63C0FD-6D58-40B9-B170-A116D0D4C321}.Debug|Any CPU.ActiveCfg = Debug|Any CPU
		{DF63C0FD-6D58-40B9-B170-A116D0D4C321}.Debug|Any CPU.Build.0 = Debug|Any CPU
		{DF63C0FD-6D58-40B9-B170-A116D0D4C321}.Debug|Mixed Platforms.ActiveCfg = Debug|Any CPU
		{DF63C0FD-6D58-40B9-B170-A116D0D4C321}.Debug|Mixed Platforms.Build.0 = Debug|Any CPU
		{DF63C0FD-6D58-40B9-B170-A116D0D4C321}.Debug|x64.ActiveCfg = Debug|Any CPU
		{DF63C0FD-6D58-40B9-B170-A116D0D4C321}.Debug|x64.Build.0 = Debug|Any CPU
		{DF63C0FD-6D58-40B9-B170-A116D0D4C321}.Release|Any CPU.ActiveCfg = Release|Any CPU
		{DF63C0FD-6D58-40B9-B170-A116D0D4C321}.Release|Any CPU.Build.0 = Release|Any CPU
		{DF63C0FD-6D58-40B9-B170-A116D0D4C321}.Release|Mixed Platforms.ActiveCfg = Release|Any CPU
		{DF63C0FD-6D58-40B9-B170-A116D0D4C321}.Release|Mixed Platforms.Build.0 = Release|Any CPU
		{DF63C0FD-6D58-40B9-B170-A116D0D4C321}.Release|x64.ActiveCfg = Release|Any CPU
		{DF63C0FD-6D58-40B9-B170-A116D0D4C321}.Release|x64.Build.0 = Release|Any CPU
		{90A28970-C2B3-4039-BA63-1C26611845AB}.Debug|Any CPU.ActiveCfg = Debug|Any CPU
		{90A28970-C2B3-4039-BA63-1C26611845AB}.Debug|Any CPU.Build.0 = Debug|Any CPU
		{90A28970-C2B3-4039-BA63-1C26611845AB}.Debug|Mixed Platforms.ActiveCfg = Debug|Any CPU
		{90A28970-C2B3-4039-BA63-1C26611845AB}.Debug|Mixed Platforms.Build.0 = Debug|Any CPU
		{90A28970-C2B3-4039-BA63-1C26611845AB}.Debug|x64.ActiveCfg = Debug|Any CPU
		{90A28970-C2B3-4039-BA63-1C26611845AB}.Debug|x64.Build.0 = Debug|Any CPU
		{90A28970-C2B3-4039-BA63-1C26611845AB}.Release|Any CPU.ActiveCfg = Release|Any CPU
		{90A28970-C2B3-4039-BA63-1C26611845AB}.Release|Any CPU.Build.0 = Release|Any CPU
		{90A28970-C2B3-4039-BA63-1C26611845AB}.Release|Mixed Platforms.ActiveCfg = Release|Any CPU
		{90A28970-C2B3-4039-BA63-1C26611845AB}.Release|Mixed Platforms.Build.0 = Release|Any CPU
		{90A28970-C2B3-4039-BA63-1C26611845AB}.Release|x64.ActiveCfg = Release|Any CPU
		{90A28970-C2B3-4039-BA63-1C26611845AB}.Release|x64.Build.0 = Release|Any CPU
	EndGlobalSection
	GlobalSection(SolutionProperties) = preSolution
		HideSolutionNode = FALSE
	EndGlobalSection
	GlobalSection(ExtensibilityGlobals) = postSolution
		SolutionGuid = {B383CDD3-5FD9-4B2E-9719-3AF9267F53F9}
	EndGlobalSection
EndGlobal
